
Microsoft Visual Studio Solution File, Format Version 12.00
# Visual Studio 15
VisualStudioVersion = 15.0.27004.2005
MinimumVisualStudioVersion = 10.0.40219.1
Project("{FAE04EC0-301F-11D3-BF4B-00C04F79EFBC}") = "CalculadoraIR.Domain", "CalculadoraIR.Domain\CalculadoraIR.Domain.csproj", "{C791C50D-017C-4BB3-B167-FEE64D334175}"
EndProject
Project("{FAE04EC0-301F-11D3-BF4B-00C04F79EFBC}") = "CalculadoraIR.Shared", "CalculadoraIR.Shared\CalculadoraIR.Shared.csproj", "{2B17689B-076D-4D4B-89D7-D0BFDA082A41}"
EndProject
Project("{FAE04EC0-301F-11D3-BF4B-00C04F79EFBC}") = "CalculadoraIR.Infra", "CalculadoraIR.Infra\CalculadoraIR.Infra.csproj", "{E4DC1415-5963-4CE8-BF13-8C18DF8A37E5}"
EndProject
Project("{FAE04EC0-301F-11D3-BF4B-00C04F79EFBC}") = "CalculadoraIR.WebApi", "CalculadoraIR.WebApi\CalculadoraIR.WebApi.csproj", "{04B732A2-1671-4EBF-B222-443F6E157DF6}"
EndProject
Project("{FAE04EC0-301F-11D3-BF4B-00C04F79EFBC}") = "CalculadoraIR.Test", "CalculadoraIR.Test\CalculadoraIR.Test.csproj", "{F9544FA1-20FB-4180-8A1F-7435A595F615}"
EndProject
Global
	GlobalSection(SolutionConfigurationPlatforms) = preSolution
		Debug|Any CPU = Debug|Any CPU
		Release|Any CPU = Release|Any CPU
	EndGlobalSection
	GlobalSection(ProjectConfigurationPlatforms) = postSolution
		{C791C50D-017C-4BB3-B167-FEE64D334175}.Debug|Any CPU.ActiveCfg = Debug|Any CPU
		{C791C50D-017C-4BB3-B167-FEE64D334175}.Debug|Any CPU.Build.0 = Debug|Any CPU
		{C791C50D-017C-4BB3-B167-FEE64D334175}.Release|Any CPU.ActiveCfg = Release|Any CPU
		{C791C50D-017C-4BB3-B167-FEE64D334175}.Release|Any CPU.Build.0 = Release|Any CPU
		{2B17689B-076D-4D4B-89D7-D0BFDA082A41}.Debug|Any CPU.ActiveCfg = Debug|Any CPU
		{2B17689B-076D-4D4B-89D7-D0BFDA082A41}.Debug|Any CPU.Build.0 = Debug|Any CPU
		{2B17689B-076D-4D4B-89D7-D0BFDA082A41}.Release|Any CPU.ActiveCfg = Release|Any CPU
		{2B17689B-076D-4D4B-89D7-D0BFDA082A41}.Release|Any CPU.Build.0 = Release|Any CPU
		{E4DC1415-5963-4CE8-BF13-8C18DF8A37E5}.Debug|Any CPU.ActiveCfg = Debug|Any CPU
		{E4DC1415-5963-4CE8-BF13-8C18DF8A37E5}.Debug|Any CPU.Build.0 = Debug|Any CPU
		{E4DC1415-5963-4CE8-BF13-8C18DF8A37E5}.Release|Any CPU.ActiveCfg = Release|Any CPU
		{E4DC1415-5963-4CE8-BF13-8C18DF8A37E5}.Release|Any CPU.Build.0 = Release|Any CPU
		{04B732A2-1671-4EBF-B222-443F6E157DF6}.Debug|Any CPU.ActiveCfg = Debug|Any CPU
		{04B732A2-1671-4EBF-B222-443F6E157DF6}.Debug|Any CPU.Build.0 = Debug|Any CPU
		{04B732A2-1671-4EBF-B222-443F6E157DF6}.Release|Any CPU.ActiveCfg = Release|Any CPU
		{04B732A2-1671-4EBF-B222-443F6E157DF6}.Release|Any CPU.Build.0 = Release|Any CPU
		{F9544FA1-20FB-4180-8A1F-7435A595F615}.Debug|Any CPU.ActiveCfg = Debug|Any CPU
		{F9544FA1-20FB-4180-8A1F-7435A595F615}.Debug|Any CPU.Build.0 = Debug|Any CPU
		{F9544FA1-20FB-4180-8A1F-7435A595F615}.Release|Any CPU.ActiveCfg = Release|Any CPU
		{F9544FA1-20FB-4180-8A1F-7435A595F615}.Release|Any CPU.Build.0 = Release|Any CPU
	EndGlobalSection
	GlobalSection(SolutionProperties) = preSolution
		HideSolutionNode = FALSE
	EndGlobalSection
	GlobalSection(ExtensibilityGlobals) = postSolution
		SolutionGuid = {0ADBE19B-E9D0-4558-B031-625503F1BEB3}
	EndGlobalSection
EndGlobal
